Microsoft Visual Studio Solution File, Format Version 12.00
# Visual Studio Version 17
VisualStudioVersion = 17.5.2.0
MinimumVisualStudioVersion = 10.0.40219.1
Project("{FAE04EC0-301F-11D3-BF4B-00C04F79EFBC}") = "SecretRotationExtension", "src\SecretRotationExtension\SecretRotationExtension.csproj", "{14CE4BC1-09B7-4CA0-87FD-D61D5859829A}"
EndProject
Project("{FAE04EC0-301F-11D3-BF4B-00C04F79EFBC}") = "SecretRotationExtension.Test", "src\SecretRotationExtension.Test\SecretRotationExtension.Test.csproj", "{CE8F0BC1-D5B8-44AF-AC5E-1A80F65A6CB0}"
EndProject
Global
	GlobalSection(SolutionConfigurationPlatforms) = preSolution
		Debug|Any CPU = Debug|Any CPU
		Release|Any CPU = Release|Any CPU
	EndGlobalSection
	GlobalSection(ProjectConfigurationPlatforms) = postSolution
		{14CE4BC1-09B7-4CA0-87FD-D61D5859829A}.Debug|Any CPU.ActiveCfg = Debug|Any CPU
		{14CE4BC1-09B7-4CA0-87FD-D61D5859829A}.Debug|Any CPU.Build.0 = Debug|Any CPU
		{14CE4BC1-09B7-4CA0-87FD-D61D5859829A}.Release|Any CPU.ActiveCfg = Release|Any CPU
		{14CE4BC1-09B7-4CA0-87FD-D61D5859829A}.Release|Any CPU.Build.0 = Release|Any CPU
		{CE8F0BC1-D5B8-44AF-AC5E-1A80F65A6CB0}.Debug|Any CPU.ActiveCfg = Debug|Any CPU
		{CE8F0BC1-D5B8-44AF-AC5E-1A80F65A6CB0}.Debug|Any CPU.Build.0 = Debug|Any CPU
		{CE8F0BC1-D5B8-44AF-AC5E-1A80F65A6CB0}.Release|Any CPU.ActiveCfg = Release|Any CPU
		{CE8F0BC1-D5B8-44AF-AC5E-1A80F65A6CB0}.Release|Any CPU.Build.0 = Release|Any CPU
	EndGlobalSection
	GlobalSection(SolutionProperties) = preSolution
		HideSolutionNode = FALSE
	EndGlobalSection
	GlobalSection(ExtensibilityGlobals) = postSolution
		SolutionGuid = {52529AD6-B1D5-4E46-AE72-4E815BD8E41C}
	EndGlobalSection
EndGlobal
